# THIS IS AN AUTOGENERATED FILE. DO NOT EDIT THIS FILE DIRECTLY.
# yarn lockfile v1


babel-plugin-syntax-flow@^6.18.0:
  version "6.18.0"
  resolved "https://registry.yarnpkg.com/babel-plugin-syntax-flow/-/babel-plugin-syntax-flow-6.18.0.tgz#4c3ab20a2af26aa20cd25995c398c4eb70310c8d"
  integrity sha512-HbTDIoG1A1op7Tl/wIFQPULIBA61tsJ8Ntq2FAhLwuijrzosM/92kAfgU1Q3Kc7DH/cprJg5vDfuTY4QUL4rDA==

babel-plugin-transform-flow-strip-types@6.22.0:
  version "6.22.0"
  resolved "https://registry.yarnpkg.com/babel-plugin-transform-flow-strip-types/-/babel-plugin-transform-flow-strip-types-6.22.0.tgz#84cb672935d43714fdc32bce84568d87441cf7cf"
  integrity sha512-TxIM0ZWNw9oYsoTthL3lvAK3+eTujzktoXJg4ubGvICGbVuXVYv5hHv0XXpz8fbqlJaGYY4q5SVzaSmsg3t4Fg==
  dependencies:
    babel-plugin-syntax-flow "^6.18.0"
    babel-runtime "^6.22.0"

babel-runtime@^6.22.0:
  version "6.26.0"
  resolved "https://registry.yarnpkg.com/babel-runtime/-/babel-runtime-6.26.0.tgz#965c7058668e82b55d7bfe04ff2337bc8b5647fe"
  integrity sha512-ITKNuq2wKlW1fJg9sSW52eepoYgZBggvOAHC0u/CYu/qxQ9EVzThCgR69BnSXLHjy2f7SY5zaQ4yt7H9ZVxY2g==
  dependencies:
    core-js "^2.4.0"
    regenerator-runtime "^0.11.0"

core-js@^2.4.0:
  version "2.4.1"
  resolved "https://registry.yarnpkg.com/core-js/-/core-js-2.4.1.tgz#4de911e667b0eae9124e34254b53aea6fc618d3e"

regenerator-runtime@^0.11.0:
  version "0.11.1"
  resolved "https://registry.yarnpkg.com/regenerator-runtime/-/regenerator-runtime-0.11.1.tgz#be05ad7f9bf7d22e056f9726cee5017fbf19e2e9"
  integrity sha512-MguG95oij0fC3QV3URf4V2SDYGJhJnJGqvIIgdECeODCT98wSWDAJ94SSuVpYQUoTcGUIL6L4yNB7j1DFFHSBg==
